
Microsoft Visual Studio Solution File, Format Version 12.00
# Visual Studio 15
Project("{FAE04EC0-301F-11D3-BF4B-00C04F79EFBC}") = "ReadyPlayerMe.Core", "ReadyPlayerMe.Core.csproj", "{52BD1361-B17E-4B48-D70B-E95950A88307}"
EndProject
Project("{FAE04EC0-301F-11D3-BF4B-00C04F79EFBC}") = "Unity.Timeline", "Unity.Timeline.csproj", "{AD7D9567-8683-2940-F879-9968D8A80FD0}"
EndProject
Project("{FAE04EC0-301F-11D3-BF4B-00C04F79EFBC}") = "Unity.Timeline.Editor", "Unity.Timeline.Editor.csproj", "{F28D953F-AA52-D9BF-8BB0-887840A4C173}"
EndProject
Project("{FAE04EC0-301F-11D3-BF4B-00C04F79EFBC}") = "Unity.InputSystem", "Unity.InputSystem.csproj", "{66B93E81-7BCA-4375-FF9F-FE14627F63C7}"
EndProject
Project("{FAE04EC0-301F-11D3-BF4B-00C04F79EFBC}") = "Unity.ShaderGraph.Editor", "Unity.ShaderGraph.Editor.csproj", "{0CFCB0B0-C54B-F1E1-9D9A-2A10D570D9CC}"
EndProject
Project("{FAE04EC0-301F-11D3-BF4B-00C04F79EFBC}") = "Unity.RenderPipelines.Universal.Editor", "Unity.RenderPipelines.Universal.Editor.csproj", "{451E6DB5-2FF7-0945-7E07-B2E2A38FF5AF}"
EndProject
Project("{FAE04EC0-301F-11D3-BF4B-00C04F79EFBC}") = "Unity.TextMeshPro.Editor", "Unity.TextMeshPro.Editor.csproj", "{33ABBE7B-2EE9-4E55-A96A-FD59C5D4C6FC}"
EndProject
Project("{FAE04EC0-301F-11D3-BF4B-00C04F79EFBC}") = "ReadyPlayerMe.AvatarLoader", "ReadyPlayerMe.AvatarLoader.csproj", "{D6D42A26-3B9A-6CC7-9314-B60878AD2026}"
EndProject
Project("{FAE04EC0-301F-11D3-BF4B-00C04F79EFBC}") = "Unity.RenderPipelines.Universal.Runtime", "Unity.RenderPipelines.Universal.Runtime.csproj", "{8AF63C9E-B292-47CD-E4AC-50BAC09C6F53}"
EndProject
Project("{FAE04EC0-301F-11D3-BF4B-00C04F79EFBC}") = "UnityEditor.UI", "UnityEditor.UI.csproj", "{F25E4C58-5B5C-D1F8-0FA5-76BD6050A093}"
EndProject
Project("{FAE04EC0-301F-11D3-BF4B-00C04F79EFBC}") = "Unity.PlasticSCM.Editor", "Unity.PlasticSCM.Editor.csproj", "{68BD8388-9B61-0245-EBFB-A039429775A4}"
EndProject
Project("{FAE04EC0-301F-11D3-BF4B-00C04F79EFBC}") = "Unity.RenderPipelines.Core.Runtime", "Unity.RenderPipelines.Core.Runtime.csproj", "{B78078D5-2912-E2AE-040C-DFBBB54B83F7}"
EndProject
Project("{FAE04EC0-301F-11D3-BF4B-00C04F79EFBC}") = "glTFast", "glTFast.csproj", "{DD630CFE-2A51-CEFE-45CF-DB5E08F1A8CE}"
EndProject
Project("{FAE04EC0-301F-11D3-BF4B-00C04F79EFBC}") = "Unity.Mathematics", "Unity.Mathematics.csproj", "{983924CC-E9F3-BC21-BCFE-DBC0E8A1C2F7}"
EndProject
Project("{FAE04EC0-301F-11D3-BF4B-00C04F79EFBC}") = "Unity.RenderPipelines.Core.Editor", "Unity.RenderPipelines.Core.Editor.csproj", "{52DF5D7F-DDA1-7DEB-DC24-62BABEA112F3}"
EndProject
Project("{FAE04EC0-301F-11D3-BF4B-00C04F79EFBC}") = "Cinemachine", "Cinemachine.csproj", "{4668055F-021E-A2DE-6FA7-C01603B942BE}"
EndProject
Project("{FAE04EC0-301F-11D3-BF4B-00C04F79EFBC}") = "UnityEditor.TestRunner", "UnityEditor.TestRunner.csproj", "{D42FBAE0-D8EF-822B-CEDA-B967FEB298BE}"
EndProject
Project("{FAE04EC0-301F-11D3-BF4B-00C04F79EFBC}") = "UnityEngine.TestRunner", "UnityEngine.TestRunner.csproj", "{1BC2DA12-0D6D-1E08-09A9-B5BC09181E02}"
EndProject
Project("{FAE04EC0-301F-11D3-BF4B-00C04F79EFBC}") = "ReadyPlayerMe.AvatarLoader.Editor", "ReadyPlayerMe.AvatarLoader.Editor.csproj", "{569915BE-9A15-0481-0271-129BE8C4A2E6}"
EndProject
Project("{FAE04EC0-301F-11D3-BF4B-00C04F79EFBC}") = "Unity.Searcher.Editor", "Unity.Searcher.Editor.csproj", "{9FA2330F-3211-D980-1602-99989D05A807}"
EndProject
Project("{FAE04EC0-301F-11D3-BF4B-00C04F79EFBC}") = "Unity.Burst", "Unity.Burst.csproj", "{C2F929BC-59AB-E90E-7D79-846117B818F9}"
EndProject
Project("{FAE04EC0-301F-11D3-BF4B-00C04F79EFBC}") = "ReadyPlayerMe.WebView", "ReadyPlayerMe.WebView.csproj", "{E90ACD7B-BEAA-3F28-D273-B5958701B274}"
EndProject
Project("{FAE04EC0-301F-11D3-BF4B-00C04F79EFBC}") = "UnityEngine.UI", "UnityEngine.UI.csproj", "{92A0BCEA-46E9-0AAF-95D4-00B363BDB52A}"
EndProject
Project("{FAE04EC0-301F-11D3-BF4B-00C04F79EFBC}") = "Unity.AI.Navigation.Editor", "Unity.AI.Navigation.Editor.csproj", "{FBC52ABC-ACB4-B222-A5B4-4136A2B3FF09}"
EndProject
Project("{FAE04EC0-301F-11D3-BF4B-00C04F79EFBC}") = "Unity.VisualStudio.Editor", "Unity.VisualStudio.Editor.csproj", "{AD46E3F1-1D8C-8C08-AB93-EA6890C11FCA}"
EndProject
Project("{FAE04EC0-301F-11D3-BF4B-00C04F79EFBC}") = "com.unity.cinemachine.editor", "com.unity.cinemachine.editor.csproj", "{42CD02A5-45C3-9469-CC2C-3674AC5BEF45}"
EndProject
Project("{FAE04EC0-301F-11D3-BF4B-00C04F79EFBC}") = "PPv2URPConverters", "PPv2URPConverters.csproj", "{20873400-0413-2485-D57C-97EEE70AD523}"
EndProject
Project("{FAE04EC0-301F-11D3-BF4B-00C04F79EFBC}") = "Unity.Rider.Editor", "Unity.Rider.Editor.csproj", "{4092985C-6731-8138-8FFC-6D7DCFA6D82B}"
EndProject
Project("{FAE04EC0-301F-11D3-BF4B-00C04F79EFBC}") = "Assembly-CSharp", "Assembly-CSharp.csproj", "{5B1A6B3A-0C78-3FF8-3E77-B4AF6CA7FB0E}"
EndProject
Project("{FAE04EC0-301F-11D3-BF4B-00C04F79EFBC}") = "Unity.AI.Navigation", "Unity.AI.Navigation.csproj", "{92C996FA-5D92-09DE-1C3F-C2E38077864B}"
EndProject
Project("{FAE04EC0-301F-11D3-BF4B-00C04F79EFBC}") = "Unity.AI.Navigation.Editor.ConversionSystem", "Unity.AI.Navigation.Editor.ConversionSystem.csproj", "{179A723D-323B-D77B-C44E-8C9A6B893E9F}"
EndProject
Project("{FAE04EC0-301F-11D3-BF4B-00C04F79EFBC}") = "Unity.Burst.CodeGen", "Unity.Burst.CodeGen.csproj", "{7E4CB882-08CC-0051-117A-8B6088BE9AA3}"
EndProject
Project("{FAE04EC0-301F-11D3-BF4B-00C04F79EFBC}") = "Unity.RenderPipeline.Universal.ShaderLibrary", "Unity.RenderPipeline.Universal.ShaderLibrary.csproj", "{2FB0D9DD-DAED-CC0F-9E63-E93057907680}"
EndProject
Project("{FAE04EC0-301F-11D3-BF4B-00C04F79EFBC}") = "Unity.TextMeshPro", "Unity.TextMeshPro.csproj", "{7D65A5C3-C50E-B4FF-5DAA-B55A658D4F6F}"
EndProject
Project("{FAE04EC0-301F-11D3-BF4B-00C04F79EFBC}") = "WebView", "WebView.csproj", "{A9D4EEF5-07F7-46D8-B091-22E323B1C81D}"
EndProject
Project("{FAE04EC0-301F-11D3-BF4B-00C04F79EFBC}") = "glTFast.Export", "glTFast.Export.csproj", "{20524157-6594-3932-5439-8B7AE06B554B}"
EndProject
Project("{FAE04EC0-301F-11D3-BF4B-00C04F79EFBC}") = "ReadyPlayerMe.Core.Editor", "ReadyPlayerMe.Core.Editor.csproj", "{ED506872-C631-2898-135B-DA3636D462CA}"
EndProject
Project("{FAE04EC0-301F-11D3-BF4B-00C04F79EFBC}") = "Unity.VSCode.Editor", "Unity.VSCode.Editor.csproj", "{54BD7B7A-41D8-B25D-6BA7-D4335E08CC96}"
EndProject
Project("{FAE04EC0-301F-11D3-BF4B-00C04F79EFBC}") = "Unity.Burst.Editor", "Unity.Burst.Editor.csproj", "{BA7D3823-340D-1072-7A2D-78C85B53C6C6}"
EndProject
Project("{FAE04EC0-301F-11D3-BF4B-00C04F79EFBC}") = "Unity.Sysroot.Linux_x86_64", "Unity.Sysroot.Linux_x86_64.csproj", "{4DFAB894-7B34-8C68-38C9-63014AF0C97D}"
EndProject
Project("{FAE04EC0-301F-11D3-BF4B-00C04F79EFBC}") = "Unity.AI.Navigation.Updater", "Unity.AI.Navigation.Updater.csproj", "{C28A5FAE-B582-7B2A-1CCE-60F4AE4384A4}"
EndProject
Project("{FAE04EC0-301F-11D3-BF4B-00C04F79EFBC}") = "ReadyPlayerMe", "ReadyPlayerMe.csproj", "{E51B8E32-E3A8-2942-BFD4-B7B8E1D7C876}"
EndProject
Project("{FAE04EC0-301F-11D3-BF4B-00C04F79EFBC}") = "glTFast.Editor", "glTFast.Editor.csproj", "{528DB286-A6A7-D99F-02B7-20E3BCF1058C}"
EndProject
Project("{FAE04EC0-301F-11D3-BF4B-00C04F79EFBC}") = "Unity.ShaderGraph.Utilities", "Unity.ShaderGraph.Utilities.csproj", "{A268B206-C4A7-5C3F-8C59-5933373BB89F}"
EndProject
Project("{FAE04EC0-301F-11D3-BF4B-00C04F79EFBC}") = "Unity.InputSystem.ForUI", "Unity.InputSystem.ForUI.csproj", "{064395E6-EBE4-3ACD-4F8C-1B2776551E5E}"
EndProject
Project("{FAE04EC0-301F-11D3-BF4B-00C04F79EFBC}") = "glTFast.dots", "glTFast.dots.csproj", "{44B26AA9-77FE-13A6-CCCC-7D20FF2CDE24}"
EndProject
Project("{FAE04EC0-301F-11D3-BF4B-00C04F79EFBC}") = "Unity.Mathematics.Editor", "Unity.Mathematics.Editor.csproj", "{36894FCA-62C8-93AF-A977-817ED51E4D7A}"
EndProject
Project("{FAE04EC0-301F-11D3-BF4B-00C04F79EFBC}") = "Unity.SysrootPackage.Editor", "Unity.SysrootPackage.Editor.csproj", "{DBFB6B02-2FA8-ECA9-1678-911FA8D11E9A}"
EndProject
Project("{FAE04EC0-301F-11D3-BF4B-00C04F79EFBC}") = "Unity.InputSystem.TestFramework", "Unity.InputSystem.TestFramework.csproj", "{A9F254B1-E81A-644A-97AA-DC2325D6BC06}"
EndProject
Project("{FAE04EC0-301F-11D3-BF4B-00C04F79EFBC}") = "ReadyPlayerMe.Extras.Editor", "ReadyPlayerMe.Extras.Editor.csproj", "{8AF3C321-65BD-EE6A-A8BA-E1B17579DA1E}"
EndProject
Project("{FAE04EC0-301F-11D3-BF4B-00C04F79EFBC}") = "Unity.Toolchain.Win-x86_64-Linux-x86_64", "Unity.Toolchain.Win-x86_64-Linux-x86_64.csproj", "{6B051B51-4954-69E9-FAB9-A44C716F263B}"
EndProject
Project("{FAE04EC0-301F-11D3-BF4B-00C04F79EFBC}") = "Unity.CollabProxy.Editor", "Unity.CollabProxy.Editor.csproj", "{2B9433F1-B3E7-0A11-D779-165675278C33}"
EndProject
Project("{FAE04EC0-301F-11D3-BF4B-00C04F79EFBC}") = "Unity.RenderPipelines.ShaderGraph.ShaderGraphLibrary", "Unity.RenderPipelines.ShaderGraph.ShaderGraphLibrary.csproj", "{0AD9ED31-BECD-1656-0C4F-B78A58AD6138}"
EndProject
Project("{FAE04EC0-301F-11D3-BF4B-00C04F79EFBC}") = "Unity.RenderPipelines.Core.ShaderLibrary", "Unity.RenderPipelines.Core.ShaderLibrary.csproj", "{BAB6A077-681A-4E06-9562-233FCD71CF10}"
EndProject
Project("{FAE04EC0-301F-11D3-BF4B-00C04F79EFBC}") = "Unity.RenderPipelines.Universal.Shaders", "Unity.RenderPipelines.Universal.Shaders.csproj", "{06643947-EE4D-5F06-E334-581E587A1DF8}"
EndProject
Project("{FAE04EC0-301F-11D3-BF4B-00C04F79EFBC}") = "ReadyPlayerMe.Core", "ReadyPlayerMe.Core.Player.csproj", "{9BC7B392-F885-053B-9B18-34D6BD56C9B7}"
EndProject
Project("{FAE04EC0-301F-11D3-BF4B-00C04F79EFBC}") = "Unity.Timeline", "Unity.Timeline.Player.csproj", "{866FA137-F09E-D3BA-2495-538C95C5BC28}"
EndProject
Project("{FAE04EC0-301F-11D3-BF4B-00C04F79EFBC}") = "Unity.InputSystem", "Unity.InputSystem.Player.csproj", "{BE9D6FCE-9B7F-00F4-626C-96C4F679DF7B}"
EndProject
Project("{FAE04EC0-301F-11D3-BF4B-00C04F79EFBC}") = "ReadyPlayerMe.AvatarLoader", "ReadyPlayerMe.AvatarLoader.Player.csproj", "{1190C5BC-314E-9C38-6845-5B635F2AAB75}"
EndProject
Project("{FAE04EC0-301F-11D3-BF4B-00C04F79EFBC}") = "Unity.RenderPipelines.Universal.Runtime", "Unity.RenderPipelines.Universal.Runtime.Player.csproj", "{812E9803-D2CA-8DCB-7FD4-509D2D610A06}"
EndProject
Project("{FAE04EC0-301F-11D3-BF4B-00C04F79EFBC}") = "Unity.RenderPipelines.Core.Runtime", "Unity.RenderPipelines.Core.Runtime.Player.csproj", "{42B5BF9D-0E3B-C6B8-B846-A017B50555EF}"
EndProject
Project("{FAE04EC0-301F-11D3-BF4B-00C04F79EFBC}") = "glTFast", "glTFast.Player.csproj", "{3FBDED0A-CDEC-1BC4-E8F6-9E9B6AB6E49C}"
EndProject
Project("{FAE04EC0-301F-11D3-BF4B-00C04F79EFBC}") = "Unity.Mathematics", "Unity.Mathematics.Player.csproj", "{87323503-C346-F614-CD32-831D3E0C4E54}"
EndProject
Project("{FAE04EC0-301F-11D3-BF4B-00C04F79EFBC}") = "Cinemachine", "Cinemachine.Player.csproj", "{F5DE84DF-ABE1-16A0-945E-EAB4C9157DB3}"
EndProject
Project("{FAE04EC0-301F-11D3-BF4B-00C04F79EFBC}") = "UnityEngine.TestRunner", "UnityEngine.TestRunner.Player.csproj", "{84FB8AA7-AFDC-23D3-CE6D-015C58406830}"
EndProject
Project("{FAE04EC0-301F-11D3-BF4B-00C04F79EFBC}") = "Unity.Burst", "Unity.Burst.Player.csproj", "{DFBEB101-A2EB-B7F9-56D6-5AB490CFA9A8}"
EndProject
Project("{FAE04EC0-301F-11D3-BF4B-00C04F79EFBC}") = "ReadyPlayerMe.WebView", "ReadyPlayerMe.WebView.Player.csproj", "{E188FCDB-10A0-D05A-60CF-268C347675FD}"
EndProject
Project("{FAE04EC0-301F-11D3-BF4B-00C04F79EFBC}") = "UnityEngine.UI", "UnityEngine.UI.Player.csproj", "{4B78926B-DF97-AA5E-F895-71337371339E}"
EndProject
Project("{FAE04EC0-301F-11D3-BF4B-00C04F79EFBC}") = "Assembly-CSharp", "Assembly-CSharp.Player.csproj", "{09970263-FF56-1989-975C-1ACE50357D43}"
EndProject
Project("{FAE04EC0-301F-11D3-BF4B-00C04F79EFBC}") = "Unity.AI.Navigation", "Unity.AI.Navigation.Player.csproj", "{C4A26F66-6857-E62B-6ABC-BF7C96C1400A}"
EndProject
Project("{FAE04EC0-301F-11D3-BF4B-00C04F79EFBC}") = "Unity.RenderPipeline.Universal.ShaderLibrary", "Unity.RenderPipeline.Universal.ShaderLibrary.Player.csproj", "{98C072DE-98BB-E6E3-B760-7BB9F27B4524}"
EndProject
Project("{FAE04EC0-301F-11D3-BF4B-00C04F79EFBC}") = "Unity.TextMeshPro", "Unity.TextMeshPro.Player.csproj", "{A594836C-623F-5588-56D7-F8976604653F}"
EndProject
Project("{FAE04EC0-301F-11D3-BF4B-00C04F79EFBC}") = "WebView", "WebView.Player.csproj", "{A52FD85D-C118-4C63-206E-EBF38970A948}"
EndProject
Project("{FAE04EC0-301F-11D3-BF4B-00C04F79EFBC}") = "glTFast.Export", "glTFast.Export.Player.csproj", "{62EB4484-60DD-535C-7057-4B85319A0981}"
EndProject
Project("{FAE04EC0-301F-11D3-BF4B-00C04F79EFBC}") = "ReadyPlayerMe", "ReadyPlayerMe.Player.csproj", "{FE8F34A5-9D27-9127-5813-DB5B7933E984}"
EndProject
Project("{FAE04EC0-301F-11D3-BF4B-00C04F79EFBC}") = "Unity.InputSystem.ForUI", "Unity.InputSystem.ForUI.Player.csproj", "{38763E29-426A-AA30-EF5E-D8D4A9A7448F}"
EndProject
Project("{FAE04EC0-301F-11D3-BF4B-00C04F79EFBC}") = "glTFast.dots", "glTFast.dots.Player.csproj", "{AE2D05F6-0864-FE56-EEE8-21D824893836}"
EndProject
Project("{FAE04EC0-301F-11D3-BF4B-00C04F79EFBC}") = "Unity.InputSystem.TestFramework", "Unity.InputSystem.TestFramework.Player.csproj", "{B30E4776-CCA2-8BAA-CFC7-7B6D7245C2DF}"
EndProject
Project("{FAE04EC0-301F-11D3-BF4B-00C04F79EFBC}") = "Unity.RenderPipelines.ShaderGraph.ShaderGraphLibrary", "Unity.RenderPipelines.ShaderGraph.ShaderGraphLibrary.Player.csproj", "{8BEA50EF-8ECF-E768-165B-F04908A6FBFC}"
EndProject
Project("{FAE04EC0-301F-11D3-BF4B-00C04F79EFBC}") = "Unity.RenderPipelines.Core.ShaderLibrary", "Unity.RenderPipelines.Core.ShaderLibrary.Player.csproj", "{F0BF6735-3E24-73A6-90FD-8A2CFF485C52}"
EndProject
Project("{FAE04EC0-301F-11D3-BF4B-00C04F79EFBC}") = "Unity.RenderPipelines.Universal.Shaders", "Unity.RenderPipelines.Universal.Shaders.Player.csproj", "{97DFE387-06DC-212D-7532-B26D90BFF548}"
EndProject
Global
	GlobalSection(SolutionConfigurationPlatforms) = preSolution
		Debug|Any CPU = Debug|Any CPU
		Release|Any CPU = Release|Any CPU
	EndGlobalSection
	GlobalSection(ProjectConfigurationPlatforms) = postSolution
		{52BD1361-B17E-4B48-D70B-E95950A88307}.Debug|Any CPU.ActiveCfg = Debug|Any CPU
		{52BD1361-B17E-4B48-D70B-E95950A88307}.Debug|Any CPU.Build.0 = Debug|Any CPU
		{52BD1361-B17E-4B48-D70B-E95950A88307}.Release|Any CPU.ActiveCfg = Release|Any CPU
		{52BD1361-B17E-4B48-D70B-E95950A88307}.Release|Any CPU.Build.0 = Release|Any CPU
		{AD7D9567-8683-2940-F879-9968D8A80FD0}.Debug|Any CPU.ActiveCfg = Debug|Any CPU
		{AD7D9567-8683-2940-F879-9968D8A80FD0}.Debug|Any CPU.Build.0 = Debug|Any CPU
		{AD7D9567-8683-2940-F879-9968D8A80FD0}.Release|Any CPU.ActiveCfg = Release|Any CPU
		{AD7D9567-8683-2940-F879-9968D8A80FD0}.Release|Any CPU.Build.0 = Release|Any CPU
		{F28D953F-AA52-D9BF-8BB0-887840A4C173}.Debug|Any CPU.ActiveCfg = Debug|Any CPU
		{F28D953F-AA52-D9BF-8BB0-887840A4C173}.Debug|Any CPU.Build.0 = Debug|Any CPU
		{F28D953F-AA52-D9BF-8BB0-887840A4C173}.Release|Any CPU.ActiveCfg = Release|Any CPU
		{F28D953F-AA52-D9BF-8BB0-887840A4C173}.Release|Any CPU.Build.0 = Release|Any CPU
		{66B93E81-7BCA-4375-FF9F-FE14627F63C7}.Debug|Any CPU.ActiveCfg = Debug|Any CPU
		{66B93E81-7BCA-4375-FF9F-FE14627F63C7}.Debug|Any CPU.Build.0 = Debug|Any CPU
		{66B93E81-7BCA-4375-FF9F-FE14627F63C7}.Release|Any CPU.ActiveCfg = Release|Any CPU
		{66B93E81-7BCA-4375-FF9F-FE14627F63C7}.Release|Any CPU.Build.0 = Release|Any CPU
		{0CFCB0B0-C54B-F1E1-9D9A-2A10D570D9CC}.Debug|Any CPU.ActiveCfg = Debug|Any CPU
		{0CFCB0B0-C54B-F1E1-9D9A-2A10D570D9CC}.Debug|Any CPU.Build.0 = Debug|Any CPU
		{0CFCB0B0-C54B-F1E1-9D9A-2A10D570D9CC}.Release|Any CPU.ActiveCfg = Release|Any CPU
		{0CFCB0B0-C54B-F1E1-9D9A-2A10D570D9CC}.Release|Any CPU.Build.0 = Release|Any CPU
		{451E6DB5-2FF7-0945-7E07-B2E2A38FF5AF}.Debug|Any CPU.ActiveCfg = Debug|Any CPU
		{451E6DB5-2FF7-0945-7E07-B2E2A38FF5AF}.Debug|Any CPU.Build.0 = Debug|Any CPU
		{451E6DB5-2FF7-0945-7E07-B2E2A38FF5AF}.Release|Any CPU.ActiveCfg = Release|Any CPU
		{451E6DB5-2FF7-0945-7E07-B2E2A38FF5AF}.Release|Any CPU.Build.0 = Release|Any CPU
		{33ABBE7B-2EE9-4E55-A96A-FD59C5D4C6FC}.Debug|Any CPU.ActiveCfg = Debug|Any CPU
		{33ABBE7B-2EE9-4E55-A96A-FD59C5D4C6FC}.Debug|Any CPU.Build.0 = Debug|Any CPU
		{33ABBE7B-2EE9-4E55-A96A-FD59C5D4C6FC}.Release|Any CPU.ActiveCfg = Release|Any CPU
		{33ABBE7B-2EE9-4E55-A96A-FD59C5D4C6FC}.Release|Any CPU.Build.0 = Release|Any CPU
		{D6D42A26-3B9A-6CC7-9314-B60878AD2026}.Debug|Any CPU.ActiveCfg = Debug|Any CPU
		{D6D42A26-3B9A-6CC7-9314-B60878AD2026}.Debug|Any CPU.Build.0 = Debug|Any CPU
		{D6D42A26-3B9A-6CC7-9314-B60878AD2026}.Release|Any CPU.ActiveCfg = Release|Any CPU
		{D6D42A26-3B9A-6CC7-9314-B60878AD2026}.Release|Any CPU.Build.0 = Release|Any CPU
		{8AF63C9E-B292-47CD-E4AC-50BAC09C6F53}.Debug|Any CPU.ActiveCfg = Debug|Any CPU
		{8AF63C9E-B292-47CD-E4AC-50BAC09C6F53}.Debug|Any CPU.Build.0 = Debug|Any CPU
		{8AF63C9E-B292-47CD-E4AC-50BAC09C6F53}.Release|Any CPU.ActiveCfg = Release|Any CPU
		{8AF63C9E-B292-47CD-E4AC-50BAC09C6F53}.Release|Any CPU.Build.0 = Release|Any CPU
		{F25E4C58-5B5C-D1F8-0FA5-76BD6050A093}.Debug|Any CPU.ActiveCfg = Debug|Any CPU
		{F25E4C58-5B5C-D1F8-0FA5-76BD6050A093}.Debug|Any CPU.Build.0 = Debug|Any CPU
		{F25E4C58-5B5C-D1F8-0FA5-76BD6050A093}.Release|Any CPU.ActiveCfg = Release|Any CPU
		{F25E4C58-5B5C-D1F8-0FA5-76BD6050A093}.Release|Any CPU.Build.0 = Release|Any CPU
		{68BD8388-9B61-0245-EBFB-A039429775A4}.Debug|Any CPU.ActiveCfg = Debug|Any CPU
		{68BD8388-9B61-0245-EBFB-A039429775A4}.Debug|Any CPU.Build.0 = Debug|Any CPU
		{68BD8388-9B61-0245-EBFB-A039429775A4}.Release|Any CPU.ActiveCfg = Release|Any CPU
		{68BD8388-9B61-0245-EBFB-A039429775A4}.Release|Any CPU.Build.0 = Release|Any CPU
		{B78078D5-2912-E2AE-040C-DFBBB54B83F7}.Debug|Any CPU.ActiveCfg = Debug|Any CPU
		{B78078D5-2912-E2AE-040C-DFBBB54B83F7}.Debug|Any CPU.Build.0 = Debug|Any CPU
		{B78078D5-2912-E2AE-040C-DFBBB54B83F7}.Release|Any CPU.ActiveCfg = Release|Any CPU
		{B78078D5-2912-E2AE-040C-DFBBB54B83F7}.Release|Any CPU.Build.0 = Release|Any CPU
		{DD630CFE-2A51-CEFE-45CF-DB5E08F1A8CE}.Debug|Any CPU.ActiveCfg = Debug|Any CPU
		{DD630CFE-2A51-CEFE-45CF-DB5E08F1A8CE}.Debug|Any CPU.Build.0 = Debug|Any CPU
		{DD630CFE-2A51-CEFE-45CF-DB5E08F1A8CE}.Release|Any CPU.ActiveCfg = Release|Any CPU
		{DD630CFE-2A51-CEFE-45CF-DB5E08F1A8CE}.Release|Any CPU.Build.0 = Release|Any CPU
		{983924CC-E9F3-BC21-BCFE-DBC0E8A1C2F7}.Debug|Any CPU.ActiveCfg = Debug|Any CPU
		{983924CC-E9F3-BC21-BCFE-DBC0E8A1C2F7}.Debug|Any CPU.Build.0 = Debug|Any CPU
		{983924CC-E9F3-BC21-BCFE-DBC0E8A1C2F7}.Release|Any CPU.ActiveCfg = Release|Any CPU
		{983924CC-E9F3-BC21-BCFE-DBC0E8A1C2F7}.Release|Any CPU.Build.0 = Release|Any CPU
		{52DF5D7F-DDA1-7DEB-DC24-62BABEA112F3}.Debug|Any CPU.ActiveCfg = Debug|Any CPU
		{52DF5D7F-DDA1-7DEB-DC24-62BABEA112F3}.Debug|Any CPU.Build.0 = Debug|Any CPU
		{52DF5D7F-DDA1-7DEB-DC24-62BABEA112F3}.Release|Any CPU.ActiveCfg = Release|Any CPU
		{52DF5D7F-DDA1-7DEB-DC24-62BABEA112F3}.Release|Any CPU.Build.0 = Release|Any CPU
		{4668055F-021E-A2DE-6FA7-C01603B942BE}.Debug|Any CPU.ActiveCfg = Debug|Any CPU
		{4668055F-021E-A2DE-6FA7-C01603B942BE}.Debug|Any CPU.Build.0 = Debug|Any CPU
		{4668055F-021E-A2DE-6FA7-C01603B942BE}.Release|Any CPU.ActiveCfg = Release|Any CPU
		{4668055F-021E-A2DE-6FA7-C01603B942BE}.Release|Any CPU.Build.0 = Release|Any CPU
		{D42FBAE0-D8EF-822B-CEDA-B967FEB298BE}.Debug|Any CPU.ActiveCfg = Debug|Any CPU
		{D42FBAE0-D8EF-822B-CEDA-B967FEB298BE}.Debug|Any CPU.Build.0 = Debug|Any CPU
		{D42FBAE0-D8EF-822B-CEDA-B967FEB298BE}.Release|Any CPU.ActiveCfg = Release|Any CPU
		{D42FBAE0-D8EF-822B-CEDA-B967FEB298BE}.Release|Any CPU.Build.0 = Release|Any CPU
		{1BC2DA12-0D6D-1E08-09A9-B5BC09181E02}.Debug|Any CPU.ActiveCfg = Debug|Any CPU
		{1BC2DA12-0D6D-1E08-09A9-B5BC09181E02}.Debug|Any CPU.Build.0 = Debug|Any CPU
		{1BC2DA12-0D6D-1E08-09A9-B5BC09181E02}.Release|Any CPU.ActiveCfg = Release|Any CPU
		{1BC2DA12-0D6D-1E08-09A9-B5BC09181E02}.Release|Any CPU.Build.0 = Release|Any CPU
		{569915BE-9A15-0481-0271-129BE8C4A2E6}.Debug|Any CPU.ActiveCfg = Debug|Any CPU
		{569915BE-9A15-0481-0271-129BE8C4A2E6}.Debug|Any CPU.Build.0 = Debug|Any CPU
		{569915BE-9A15-0481-0271-129BE8C4A2E6}.Release|Any CPU.ActiveCfg = Release|Any CPU
		{569915BE-9A15-0481-0271-129BE8C4A2E6}.Release|Any CPU.Build.0 = Release|Any CPU
		{9FA2330F-3211-D980-1602-99989D05A807}.Debug|Any CPU.ActiveCfg = Debug|Any CPU
		{9FA2330F-3211-D980-1602-99989D05A807}.Debug|Any CPU.Build.0 = Debug|Any CPU
		{9FA2330F-3211-D980-1602-99989D05A807}.Release|Any CPU.ActiveCfg = Release|Any CPU
		{9FA2330F-3211-D980-1602-99989D05A807}.Release|Any CPU.Build.0 = Release|Any CPU
		{C2F929BC-59AB-E90E-7D79-846117B818F9}.Debug|Any CPU.ActiveCfg = Debug|Any CPU
		{C2F929BC-59AB-E90E-7D79-846117B818F9}.Debug|Any CPU.Build.0 = Debug|Any CPU
		{C2F929BC-59AB-E90E-7D79-846117B818F9}.Release|Any CPU.ActiveCfg = Release|Any CPU
		{C2F929BC-59AB-E90E-7D79-846117B818F9}.Release|Any CPU.Build.0 = Release|Any CPU
		{E90ACD7B-BEAA-3F28-D273-B5958701B274}.Debug|Any CPU.ActiveCfg = Debug|Any CPU
		{E90ACD7B-BEAA-3F28-D273-B5958701B274}.Debug|Any CPU.Build.0 = Debug|Any CPU
		{E90ACD7B-BEAA-3F28-D273-B5958701B274}.Release|Any CPU.ActiveCfg = Release|Any CPU
		{E90ACD7B-BEAA-3F28-D273-B5958701B274}.Release|Any CPU.Build.0 = Release|Any CPU
		{92A0BCEA-46E9-0AAF-95D4-00B363BDB52A}.Debug|Any CPU.ActiveCfg = Debug|Any CPU
		{92A0BCEA-46E9-0AAF-95D4-00B363BDB52A}.Debug|Any CPU.Build.0 = Debug|Any CPU
		{92A0BCEA-46E9-0AAF-95D4-00B363BDB52A}.Release|Any CPU.ActiveCfg = Release|Any CPU
		{92A0BCEA-46E9-0AAF-95D4-00B363BDB52A}.Release|Any CPU.Build.0 = Release|Any CPU
		{FBC52ABC-ACB4-B222-A5B4-4136A2B3FF09}.Debug|Any CPU.ActiveCfg = Debug|Any CPU
		{FBC52ABC-ACB4-B222-A5B4-4136A2B3FF09}.Debug|Any CPU.Build.0 = Debug|Any CPU
		{FBC52ABC-ACB4-B222-A5B4-4136A2B3FF09}.Release|Any CPU.ActiveCfg = Release|Any CPU
		{FBC52ABC-ACB4-B222-A5B4-4136A2B3FF09}.Release|Any CPU.Build.0 = Release|Any CPU
		{AD46E3F1-1D8C-8C08-AB93-EA6890C11FCA}.Debug|Any CPU.ActiveCfg = Debug|Any CPU
		{AD46E3F1-1D8C-8C08-AB93-EA6890C11FCA}.Debug|Any CPU.Build.0 = Debug|Any CPU
		{AD46E3F1-1D8C-8C08-AB93-EA6890C11FCA}.Release|Any CPU.ActiveCfg = Release|Any CPU
		{AD46E3F1-1D8C-8C08-AB93-EA6890C11FCA}.Release|Any CPU.Build.0 = Release|Any CPU
		{42CD02A5-45C3-9469-CC2C-3674AC5BEF45}.Debug|Any CPU.ActiveCfg = Debug|Any CPU
		{42CD02A5-45C3-9469-CC2C-3674AC5BEF45}.Debug|Any CPU.Build.0 = Debug|Any CPU
		{42CD02A5-45C3-9469-CC2C-3674AC5BEF45}.Release|Any CPU.ActiveCfg = Release|Any CPU
		{42CD02A5-45C3-9469-CC2C-3674AC5BEF45}.Release|Any CPU.Build.0 = Release|Any CPU
		{20873400-0413-2485-D57C-97EEE70AD523}.Debug|Any CPU.ActiveCfg = Debug|Any CPU
		{20873400-0413-2485-D57C-97EEE70AD523}.Debug|Any CPU.Build.0 = Debug|Any CPU
		{20873400-0413-2485-D57C-97EEE70AD523}.Release|Any CPU.ActiveCfg = Release|Any CPU
		{20873400-0413-2485-D57C-97EEE70AD523}.Release|Any CPU.Build.0 = Release|Any CPU
		{4092985C-6731-8138-8FFC-6D7DCFA6D82B}.Debug|Any CPU.ActiveCfg = Debug|Any CPU
		{4092985C-6731-8138-8FFC-6D7DCFA6D82B}.Debug|Any CPU.Build.0 = Debug|Any CPU
		{4092985C-6731-8138-8FFC-6D7DCFA6D82B}.Release|Any CPU.ActiveCfg = Release|Any CPU
		{4092985C-6731-8138-8FFC-6D7DCFA6D82B}.Release|Any CPU.Build.0 = Release|Any CPU
		{5B1A6B3A-0C78-3FF8-3E77-B4AF6CA7FB0E}.Debug|Any CPU.ActiveCfg = Debug|Any CPU
		{5B1A6B3A-0C78-3FF8-3E77-B4AF6CA7FB0E}.Debug|Any CPU.Build.0 = Debug|Any CPU
		{5B1A6B3A-0C78-3FF8-3E77-B4AF6CA7FB0E}.Release|Any CPU.ActiveCfg = Release|Any CPU
		{5B1A6B3A-0C78-3FF8-3E77-B4AF6CA7FB0E}.Release|Any CPU.Build.0 = Release|Any CPU
		{92C996FA-5D92-09DE-1C3F-C2E38077864B}.Debug|Any CPU.ActiveCfg = Debug|Any CPU
		{92C996FA-5D92-09DE-1C3F-C2E38077864B}.Debug|Any CPU.Build.0 = Debug|Any CPU
		{92C996FA-5D92-09DE-1C3F-C2E38077864B}.Release|Any CPU.ActiveCfg = Release|Any CPU
		{92C996FA-5D92-09DE-1C3F-C2E38077864B}.Release|Any CPU.Build.0 = Release|Any CPU
		{179A723D-323B-D77B-C44E-8C9A6B893E9F}.Debug|Any CPU.ActiveCfg = Debug|Any CPU
		{179A723D-323B-D77B-C44E-8C9A6B893E9F}.Debug|Any CPU.Build.0 = Debug|Any CPU
		{179A723D-323B-D77B-C44E-8C9A6B893E9F}.Release|Any CPU.ActiveCfg = Release|Any CPU
		{179A723D-323B-D77B-C44E-8C9A6B893E9F}.Release|Any CPU.Build.0 = Release|Any CPU
		{7E4CB882-08CC-0051-117A-8B6088BE9AA3}.Debug|Any CPU.ActiveCfg = Debug|Any CPU
		{7E4CB882-08CC-0051-117A-8B6088BE9AA3}.Debug|Any CPU.Build.0 = Debug|Any CPU
		{7E4CB882-08CC-0051-117A-8B6088BE9AA3}.Release|Any CPU.ActiveCfg = Release|Any CPU
		{7E4CB882-08CC-0051-117A-8B6088BE9AA3}.Release|Any CPU.Build.0 = Release|Any CPU
		{2FB0D9DD-DAED-CC0F-9E63-E93057907680}.Debug|Any CPU.ActiveCfg = Debug|Any CPU
		{2FB0D9DD-DAED-CC0F-9E63-E93057907680}.Debug|Any CPU.Build.0 = Debug|Any CPU
		{2FB0D9DD-DAED-CC0F-9E63-E93057907680}.Release|Any CPU.ActiveCfg = Release|Any CPU
		{2FB0D9DD-DAED-CC0F-9E63-E93057907680}.Release|Any CPU.Build.0 = Release|Any CPU
		{7D65A5C3-C50E-B4FF-5DAA-B55A658D4F6F}.Debug|Any CPU.ActiveCfg = Debug|Any CPU
		{7D65A5C3-C50E-B4FF-5DAA-B55A658D4F6F}.Debug|Any CPU.Build.0 = Debug|Any CPU
		{7D65A5C3-C50E-B4FF-5DAA-B55A658D4F6F}.Release|Any CPU.ActiveCfg = Release|Any CPU
		{7D65A5C3-C50E-B4FF-5DAA-B55A658D4F6F}.Release|Any CPU.Build.0 = Release|Any CPU
		{A9D4EEF5-07F7-46D8-B091-22E323B1C81D}.Debug|Any CPU.ActiveCfg = Debug|Any CPU
		{A9D4EEF5-07F7-46D8-B091-22E323B1C81D}.Debug|Any CPU.Build.0 = Debug|Any CPU
		{A9D4EEF5-07F7-46D8-B091-22E323B1C81D}.Release|Any CPU.ActiveCfg = Release|Any CPU
		{A9D4EEF5-07F7-46D8-B091-22E323B1C81D}.Release|Any CPU.Build.0 = Release|Any CPU
		{20524157-6594-3932-5439-8B7AE06B554B}.Debug|Any CPU.ActiveCfg = Debug|Any CPU
		{20524157-6594-3932-5439-8B7AE06B554B}.Debug|Any CPU.Build.0 = Debug|Any CPU
		{20524157-6594-3932-5439-8B7AE06B554B}.Release|Any CPU.ActiveCfg = Release|Any CPU
		{20524157-6594-3932-5439-8B7AE06B554B}.Release|Any CPU.Build.0 = Release|Any CPU
		{ED506872-C631-2898-135B-DA3636D462CA}.Debug|Any CPU.ActiveCfg = Debug|Any CPU
		{ED506872-C631-2898-135B-DA3636D462CA}.Debug|Any CPU.Build.0 = Debug|Any CPU
		{ED506872-C631-2898-135B-DA3636D462CA}.Release|Any CPU.ActiveCfg = Release|Any CPU
		{ED506872-C631-2898-135B-DA3636D462CA}.Release|Any CPU.Build.0 = Release|Any CPU
		{54BD7B7A-41D8-B25D-6BA7-D4335E08CC96}.Debug|Any CPU.ActiveCfg = Debug|Any CPU
		{54BD7B7A-41D8-B25D-6BA7-D4335E08CC96}.Debug|Any CPU.Build.0 = Debug|Any CPU
		{54BD7B7A-41D8-B25D-6BA7-D4335E08CC96}.Release|Any CPU.ActiveCfg = Release|Any CPU
		{54BD7B7A-41D8-B25D-6BA7-D4335E08CC96}.Release|Any CPU.Build.0 = Release|Any CPU
		{BA7D3823-340D-1072-7A2D-78C85B53C6C6}.Debug|Any CPU.ActiveCfg = Debug|Any CPU
		{BA7D3823-340D-1072-7A2D-78C85B53C6C6}.Debug|Any CPU.Build.0 = Debug|Any CPU
		{BA7D3823-340D-1072-7A2D-78C85B53C6C6}.Release|Any CPU.ActiveCfg = Release|Any CPU
		{BA7D3823-340D-1072-7A2D-78C85B53C6C6}.Release|Any CPU.Build.0 = Release|Any CPU
		{4DFAB894-7B34-8C68-38C9-63014AF0C97D}.Debug|Any CPU.ActiveCfg = Debug|Any CPU
		{4DFAB894-7B34-8C68-38C9-63014AF0C97D}.Debug|Any CPU.Build.0 = Debug|Any CPU
		{4DFAB894-7B34-8C68-38C9-63014AF0C97D}.Release|Any CPU.ActiveCfg = Release|Any CPU
		{4DFAB894-7B34-8C68-38C9-63014AF0C97D}.Release|Any CPU.Build.0 = Release|Any CPU
		{C28A5FAE-B582-7B2A-1CCE-60F4AE4384A4}.Debug|Any CPU.ActiveCfg = Debug|Any CPU
		{C28A5FAE-B582-7B2A-1CCE-60F4AE4384A4}.Debug|Any CPU.Build.0 = Debug|Any CPU
		{C28A5FAE-B582-7B2A-1CCE-60F4AE4384A4}.Release|Any CPU.ActiveCfg = Release|Any CPU
		{C28A5FAE-B582-7B2A-1CCE-60F4AE4384A4}.Release|Any CPU.Build.0 = Release|Any CPU
		{E51B8E32-E3A8-2942-BFD4-B7B8E1D7C876}.Debug|Any CPU.ActiveCfg = Debug|Any CPU
		{E51B8E32-E3A8-2942-BFD4-B7B8E1D7C876}.Debug|Any CPU.Build.0 = Debug|Any CPU
		{E51B8E32-E3A8-2942-BFD4-B7B8E1D7C876}.Release|Any CPU.ActiveCfg = Release|Any CPU
		{E51B8E32-E3A8-2942-BFD4-B7B8E1D7C876}.Release|Any CPU.Build.0 = Release|Any CPU
		{528DB286-A6A7-D99F-02B7-20E3BCF1058C}.Debug|Any CPU.ActiveCfg = Debug|Any CPU
		{528DB286-A6A7-D99F-02B7-20E3BCF1058C}.Debug|Any CPU.Build.0 = Debug|Any CPU
		{528DB286-A6A7-D99F-02B7-20E3BCF1058C}.Release|Any CPU.ActiveCfg = Release|Any CPU
		{528DB286-A6A7-D99F-02B7-20E3BCF1058C}.Release|Any CPU.Build.0 = Release|Any CPU
		{A268B206-C4A7-5C3F-8C59-5933373BB89F}.Debug|Any CPU.ActiveCfg = Debug|Any CPU
		{A268B206-C4A7-5C3F-8C59-5933373BB89F}.Debug|Any CPU.Build.0 = Debug|Any CPU
		{A268B206-C4A7-5C3F-8C59-5933373BB89F}.Release|Any CPU.ActiveCfg = Release|Any CPU
		{A268B206-C4A7-5C3F-8C59-5933373BB89F}.Release|Any CPU.Build.0 = Release|Any CPU
		{064395E6-EBE4-3ACD-4F8C-1B2776551E5E}.Debug|Any CPU.ActiveCfg = Debug|Any CPU
		{064395E6-EBE4-3ACD-4F8C-1B2776551E5E}.Debug|Any CPU.Build.0 = Debug|Any CPU
		{064395E6-EBE4-3ACD-4F8C-1B2776551E5E}.Release|Any CPU.ActiveCfg = Release|Any CPU
		{064395E6-EBE4-3ACD-4F8C-1B2776551E5E}.Release|Any CPU.Build.0 = Release|Any CPU
		{44B26AA9-77FE-13A6-CCCC-7D20FF2CDE24}.Debug|Any CPU.ActiveCfg = Debug|Any CPU
		{44B26AA9-77FE-13A6-CCCC-7D20FF2CDE24}.Debug|Any CPU.Build.0 = Debug|Any CPU
		{44B26AA9-77FE-13A6-CCCC-7D20FF2CDE24}.Release|Any CPU.ActiveCfg = Release|Any CPU
		{44B26AA9-77FE-13A6-CCCC-7D20FF2CDE24}.Release|Any CPU.Build.0 = Release|Any CPU
		{36894FCA-62C8-93AF-A977-817ED51E4D7A}.Debug|Any CPU.ActiveCfg = Debug|Any CPU
		{36894FCA-62C8-93AF-A977-817ED51E4D7A}.Debug|Any CPU.Build.0 = Debug|Any CPU
		{36894FCA-62C8-93AF-A977-817ED51E4D7A}.Release|Any CPU.ActiveCfg = Release|Any CPU
		{36894FCA-62C8-93AF-A977-817ED51E4D7A}.Release|Any CPU.Build.0 = Release|Any CPU
		{DBFB6B02-2FA8-ECA9-1678-911FA8D11E9A}.Debug|Any CPU.ActiveCfg = Debug|Any CPU
		{DBFB6B02-2FA8-ECA9-1678-911FA8D11E9A}.Debug|Any CPU.Build.0 = Debug|Any CPU
		{DBFB6B02-2FA8-ECA9-1678-911FA8D11E9A}.Release|Any CPU.ActiveCfg = Release|Any CPU
		{DBFB6B02-2FA8-ECA9-1678-911FA8D11E9A}.Release|Any CPU.Build.0 = Release|Any CPU
		{A9F254B1-E81A-644A-97AA-DC2325D6BC06}.Debug|Any CPU.ActiveCfg = Debug|Any CPU
		{A9F254B1-E81A-644A-97AA-DC2325D6BC06}.Debug|Any CPU.Build.0 = Debug|Any CPU
		{A9F254B1-E81A-644A-97AA-DC2325D6BC06}.Release|Any CPU.ActiveCfg = Release|Any CPU
		{A9F254B1-E81A-644A-97AA-DC2325D6BC06}.Release|Any CPU.Build.0 = Release|Any CPU
		{8AF3C321-65BD-EE6A-A8BA-E1B17579DA1E}.Debug|Any CPU.ActiveCfg = Debug|Any CPU
		{8AF3C321-65BD-EE6A-A8BA-E1B17579DA1E}.Debug|Any CPU.Build.0 = Debug|Any CPU
		{8AF3C321-65BD-EE6A-A8BA-E1B17579DA1E}.Release|Any CPU.ActiveCfg = Release|Any CPU
		{8AF3C321-65BD-EE6A-A8BA-E1B17579DA1E}.Release|Any CPU.Build.0 = Release|Any CPU
		{6B051B51-4954-69E9-FAB9-A44C716F263B}.Debug|Any CPU.ActiveCfg = Debug|Any CPU
		{6B051B51-4954-69E9-FAB9-A44C716F263B}.Debug|Any CPU.Build.0 = Debug|Any CPU
		{6B051B51-4954-69E9-FAB9-A44C716F263B}.Release|Any CPU.ActiveCfg = Release|Any CPU
		{6B051B51-4954-69E9-FAB9-A44C716F263B}.Release|Any CPU.Build.0 = Release|Any CPU
		{2B9433F1-B3E7-0A11-D779-165675278C33}.Debug|Any CPU.ActiveCfg = Debug|Any CPU
		{2B9433F1-B3E7-0A11-D779-165675278C33}.Debug|Any CPU.Build.0 = Debug|Any CPU
		{2B9433F1-B3E7-0A11-D779-165675278C33}.Release|Any CPU.ActiveCfg = Release|Any CPU
		{2B9433F1-B3E7-0A11-D779-165675278C33}.Release|Any CPU.Build.0 = Release|Any CPU
		{0AD9ED31-BECD-1656-0C4F-B78A58AD6138}.Debug|Any CPU.ActiveCfg = Debug|Any CPU
		{0AD9ED31-BECD-1656-0C4F-B78A58AD6138}.Debug|Any CPU.Build.0 = Debug|Any CPU
		{0AD9ED31-BECD-1656-0C4F-B78A58AD6138}.Release|Any CPU.ActiveCfg = Release|Any CPU
		{0AD9ED31-BECD-1656-0C4F-B78A58AD6138}.Release|Any CPU.Build.0 = Release|Any CPU
		{BAB6A077-681A-4E06-9562-233FCD71CF10}.Debug|Any CPU.ActiveCfg = Debug|Any CPU
		{BAB6A077-681A-4E06-9562-233FCD71CF10}.Debug|Any CPU.Build.0 = Debug|Any CPU
		{BAB6A077-681A-4E06-9562-233FCD71CF10}.Release|Any CPU.ActiveCfg = Release|Any CPU
		{BAB6A077-681A-4E06-9562-233FCD71CF10}.Release|Any CPU.Build.0 = Release|Any CPU
		{06643947-EE4D-5F06-E334-581E587A1DF8}.Debug|Any CPU.ActiveCfg = Debug|Any CPU
		{06643947-EE4D-5F06-E334-581E587A1DF8}.Debug|Any CPU.Build.0 = Debug|Any CPU
		{06643947-EE4D-5F06-E334-581E587A1DF8}.Release|Any CPU.ActiveCfg = Release|Any CPU
		{06643947-EE4D-5F06-E334-581E587A1DF8}.Release|Any CPU.Build.0 = Release|Any CPU
		{9BC7B392-F885-053B-9B18-34D6BD56C9B7}.Debug|Any CPU.ActiveCfg = Debug|Any CPU
		{9BC7B392-F885-053B-9B18-34D6BD56C9B7}.Debug|Any CPU.Build.0 = Debug|Any CPU
		{9BC7B392-F885-053B-9B18-34D6BD56C9B7}.Release|Any CPU.ActiveCfg = Release|Any CPU
		{9BC7B392-F885-053B-9B18-34D6BD56C9B7}.Release|Any CPU.Build.0 = Release|Any CPU
		{866FA137-F09E-D3BA-2495-538C95C5BC28}.Debug|Any CPU.ActiveCfg = Debug|Any CPU
		{866FA137-F09E-D3BA-2495-538C95C5BC28}.Debug|Any CPU.Build.0 = Debug|Any CPU
		{866FA137-F09E-D3BA-2495-538C95C5BC28}.Release|Any CPU.ActiveCfg = Release|Any CPU
		{866FA137-F09E-D3BA-2495-538C95C5BC28}.Release|Any CPU.Build.0 = Release|Any CPU
		{BE9D6FCE-9B7F-00F4-626C-96C4F679DF7B}.Debug|Any CPU.ActiveCfg = Debug|Any CPU
		{BE9D6FCE-9B7F-00F4-626C-96C4F679DF7B}.Debug|Any CPU.Build.0 = Debug|Any CPU
		{BE9D6FCE-9B7F-00F4-626C-96C4F679DF7B}.Release|Any CPU.ActiveCfg = Release|Any CPU
		{BE9D6FCE-9B7F-00F4-626C-96C4F679DF7B}.Release|Any CPU.Build.0 = Release|Any CPU
		{1190C5BC-314E-9C38-6845-5B635F2AAB75}.Debug|Any CPU.ActiveCfg = Debug|Any CPU
		{1190C5BC-314E-9C38-6845-5B635F2AAB75}.Debug|Any CPU.Build.0 = Debug|Any CPU
		{1190C5BC-314E-9C38-6845-5B635F2AAB75}.Release|Any CPU.ActiveCfg = Release|Any CPU
		{1190C5BC-314E-9C38-6845-5B635F2AAB75}.Release|Any CPU.Build.0 = Release|Any CPU
		{812E9803-D2CA-8DCB-7FD4-509D2D610A06}.Debug|Any CPU.ActiveCfg = Debug|Any CPU
		{812E9803-D2CA-8DCB-7FD4-509D2D610A06}.Debug|Any CPU.Build.0 = Debug|Any CPU
		{812E9803-D2CA-8DCB-7FD4-509D2D610A06}.Release|Any CPU.ActiveCfg = Release|Any CPU
		{812E9803-D2CA-8DCB-7FD4-509D2D610A06}.Release|Any CPU.Build.0 = Release|Any CPU
		{42B5BF9D-0E3B-C6B8-B846-A017B50555EF}.Debug|Any CPU.ActiveCfg = Debug|Any CPU
		{42B5BF9D-0E3B-C6B8-B846-A017B50555EF}.Debug|Any CPU.Build.0 = Debug|Any CPU
		{42B5BF9D-0E3B-C6B8-B846-A017B50555EF}.Release|Any CPU.ActiveCfg = Release|Any CPU
		{42B5BF9D-0E3B-C6B8-B846-A017B50555EF}.Release|Any CPU.Build.0 = Release|Any CPU
		{3FBDED0A-CDEC-1BC4-E8F6-9E9B6AB6E49C}.Debug|Any CPU.ActiveCfg = Debug|Any CPU
		{3FBDED0A-CDEC-1BC4-E8F6-9E9B6AB6E49C}.Debug|Any CPU.Build.0 = Debug|Any CPU
		{3FBDED0A-CDEC-1BC4-E8F6-9E9B6AB6E49C}.Release|Any CPU.ActiveCfg = Release|Any CPU
		{3FBDED0A-CDEC-1BC4-E8F6-9E9B6AB6E49C}.Release|Any CPU.Build.0 = Release|Any CPU
		{87323503-C346-F614-CD32-831D3E0C4E54}.Debug|Any CPU.ActiveCfg = Debug|Any CPU
		{87323503-C346-F614-CD32-831D3E0C4E54}.Debug|Any CPU.Build.0 = Debug|Any CPU
		{87323503-C346-F614-CD32-831D3E0C4E54}.Release|Any CPU.ActiveCfg = Release|Any CPU
		{87323503-C346-F614-CD32-831D3E0C4E54}.Release|Any CPU.Build.0 = Release|Any CPU
		{F5DE84DF-ABE1-16A0-945E-EAB4C9157DB3}.Debug|Any CPU.ActiveCfg = Debug|Any CPU
		{F5DE84DF-ABE1-16A0-945E-EAB4C9157DB3}.Debug|Any CPU.Build.0 = Debug|Any CPU
		{F5DE84DF-ABE1-16A0-945E-EAB4C9157DB3}.Release|Any CPU.ActiveCfg = Release|Any CPU
		{F5DE84DF-ABE1-16A0-945E-EAB4C9157DB3}.Release|Any CPU.Build.0 = Release|Any CPU
		{84FB8AA7-AFDC-23D3-CE6D-015C58406830}.Debug|Any CPU.ActiveCfg = Debug|Any CPU
		{84FB8AA7-AFDC-23D3-CE6D-015C58406830}.Debug|Any CPU.Build.0 = Debug|Any CPU
		{84FB8AA7-AFDC-23D3-CE6D-015C58406830}.Release|Any CPU.ActiveCfg = Release|Any CPU
		{84FB8AA7-AFDC-23D3-CE6D-015C58406830}.Release|Any CPU.Build.0 = Release|Any CPU
		{DFBEB101-A2EB-B7F9-56D6-5AB490CFA9A8}.Debug|Any CPU.ActiveCfg = Debug|Any CPU
		{DFBEB101-A2EB-B7F9-56D6-5AB490CFA9A8}.Debug|Any CPU.Build.0 = Debug|Any CPU
		{DFBEB101-A2EB-B7F9-56D6-5AB490CFA9A8}.Release|Any CPU.ActiveCfg = Release|Any CPU
		{DFBEB101-A2EB-B7F9-56D6-5AB490CFA9A8}.Release|Any CPU.Build.0 = Release|Any CPU
		{E188FCDB-10A0-D05A-60CF-268C347675FD}.Debug|Any CPU.ActiveCfg = Debug|Any CPU
		{E188FCDB-10A0-D05A-60CF-268C347675FD}.Debug|Any CPU.Build.0 = Debug|Any CPU
		{E188FCDB-10A0-D05A-60CF-268C347675FD}.Release|Any CPU.ActiveCfg = Release|Any CPU
		{E188FCDB-10A0-D05A-60CF-268C347675FD}.Release|Any CPU.Build.0 = Release|Any CPU
		{4B78926B-DF97-AA5E-F895-71337371339E}.Debug|Any CPU.ActiveCfg = Debug|Any CPU
		{4B78926B-DF97-AA5E-F895-71337371339E}.Debug|Any CPU.Build.0 = Debug|Any CPU
		{4B78926B-DF97-AA5E-F895-71337371339E}.Release|Any CPU.ActiveCfg = Release|Any CPU
		{4B78926B-DF97-AA5E-F895-71337371339E}.Release|Any CPU.Build.0 = Release|Any CPU
		{09970263-FF56-1989-975C-1ACE50357D43}.Debug|Any CPU.ActiveCfg = Debug|Any CPU
		{09970263-FF56-1989-975C-1ACE50357D43}.Debug|Any CPU.Build.0 = Debug|Any CPU
		{09970263-FF56-1989-975C-1ACE50357D43}.Release|Any CPU.ActiveCfg = Release|Any CPU
		{09970263-FF56-1989-975C-1ACE50357D43}.Release|Any CPU.Build.0 = Release|Any CPU
		{C4A26F66-6857-E62B-6ABC-BF7C96C1400A}.Debug|Any CPU.ActiveCfg = Debug|Any CPU
		{C4A26F66-6857-E62B-6ABC-BF7C96C1400A}.Debug|Any CPU.Build.0 = Debug|Any CPU
		{C4A26F66-6857-E62B-6ABC-BF7C96C1400A}.Release|Any CPU.ActiveCfg = Release|Any CPU
		{C4A26F66-6857-E62B-6ABC-BF7C96C1400A}.Release|Any CPU.Build.0 = Release|Any CPU
		{98C072DE-98BB-E6E3-B760-7BB9F27B4524}.Debug|Any CPU.ActiveCfg = Debug|Any CPU
		{98C072DE-98BB-E6E3-B760-7BB9F27B4524}.Debug|Any CPU.Build.0 = Debug|Any CPU
		{98C072DE-98BB-E6E3-B760-7BB9F27B4524}.Release|Any CPU.ActiveCfg = Release|Any CPU
		{98C072DE-98BB-E6E3-B760-7BB9F27B4524}.Release|Any CPU.Build.0 = Release|Any CPU
		{A594836C-623F-5588-56D7-F8976604653F}.Debug|Any CPU.ActiveCfg = Debug|Any CPU
		{A594836C-623F-5588-56D7-F8976604653F}.Debug|Any CPU.Build.0 = Debug|Any CPU
		{A594836C-623F-5588-56D7-F8976604653F}.Release|Any CPU.ActiveCfg = Release|Any CPU
		{A594836C-623F-5588-56D7-F8976604653F}.Release|Any CPU.Build.0 = Release|Any CPU
		{A52FD85D-C118-4C63-206E-EBF38970A948}.Debug|Any CPU.ActiveCfg = Debug|Any CPU
		{A52FD85D-C118-4C63-206E-EBF38970A948}.Debug|Any CPU.Build.0 = Debug|Any CPU
		{A52FD85D-C118-4C63-206E-EBF38970A948}.Release|Any CPU.ActiveCfg = Release|Any CPU
		{A52FD85D-C118-4C63-206E-EBF38970A948}.Release|Any CPU.Build.0 = Release|Any CPU
		{62EB4484-60DD-535C-7057-4B85319A0981}.Debug|Any CPU.ActiveCfg = Debug|Any CPU
		{62EB4484-60DD-535C-7057-4B85319A0981}.Debug|Any CPU.Build.0 = Debug|Any CPU
		{62EB4484-60DD-535C-7057-4B85319A0981}.Release|Any CPU.ActiveCfg = Release|Any CPU
		{62EB4484-60DD-535C-7057-4B85319A0981}.Release|Any CPU.Build.0 = Release|Any CPU
		{FE8F34A5-9D27-9127-5813-DB5B7933E984}.Debug|Any CPU.ActiveCfg = Debug|Any CPU
		{FE8F34A5-9D27-9127-5813-DB5B7933E984}.Debug|Any CPU.Build.0 = Debug|Any CPU
		{FE8F34A5-9D27-9127-5813-DB5B7933E984}.Release|Any CPU.ActiveCfg = Release|Any CPU
		{FE8F34A5-9D27-9127-5813-DB5B7933E984}.Release|Any CPU.Build.0 = Release|Any CPU
		{38763E29-426A-AA30-EF5E-D8D4A9A7448F}.Debug|Any CPU.ActiveCfg = Debug|Any CPU
		{38763E29-426A-AA30-EF5E-D8D4A9A7448F}.Debug|Any CPU.Build.0 = Debug|Any CPU
		{38763E29-426A-AA30-EF5E-D8D4A9A7448F}.Release|Any CPU.ActiveCfg = Release|Any CPU
		{38763E29-426A-AA30-EF5E-D8D4A9A7448F}.Release|Any CPU.Build.0 = Release|Any CPU
		{AE2D05F6-0864-FE56-EEE8-21D824893836}.Debug|Any CPU.ActiveCfg = Debug|Any CPU
		{AE2D05F6-0864-FE56-EEE8-21D824893836}.Debug|Any CPU.Build.0 = Debug|Any CPU
		{AE2D05F6-0864-FE56-EEE8-21D824893836}.Release|Any CPU.ActiveCfg = Release|Any CPU
		{AE2D05F6-0864-FE56-EEE8-21D824893836}.Release|Any CPU.Build.0 = Release|Any CPU
		{B30E4776-CCA2-8BAA-CFC7-7B6D7245C2DF}.Debug|Any CPU.ActiveCfg = Debug|Any CPU
		{B30E4776-CCA2-8BAA-CFC7-7B6D7245C2DF}.Debug|Any CPU.Build.0 = Debug|Any CPU
		{B30E4776-CCA2-8BAA-CFC7-7B6D7245C2DF}.Release|Any CPU.ActiveCfg = Release|Any CPU
		{B30E4776-CCA2-8BAA-CFC7-7B6D7245C2DF}.Release|Any CPU.Build.0 = Release|Any CPU
		{8BEA50EF-8ECF-E768-165B-F04908A6FBFC}.Debug|Any CPU.ActiveCfg = Debug|Any CPU
		{8BEA50EF-8ECF-E768-165B-F04908A6FBFC}.Debug|Any CPU.Build.0 = Debug|Any CPU
		{8BEA50EF-8ECF-E768-165B-F04908A6FBFC}.Release|Any CPU.ActiveCfg = Release|Any CPU
		{8BEA50EF-8ECF-E768-165B-F04908A6FBFC}.Release|Any CPU.Build.0 = Release|Any CPU
		{F0BF6735-3E24-73A6-90FD-8A2CFF485C52}.Debug|Any CPU.ActiveCfg = Debug|Any CPU
		{F0BF6735-3E24-73A6-90FD-8A2CFF485C52}.Debug|Any CPU.Build.0 = Debug|Any CPU
		{F0BF6735-3E24-73A6-90FD-8A2CFF485C52}.Release|Any CPU.ActiveCfg = Release|Any CPU
		{F0BF6735-3E24-73A6-90FD-8A2CFF485C52}.Release|Any CPU.Build.0 = Release|Any CPU
		{97DFE387-06DC-212D-7532-B26D90BFF548}.Debug|Any CPU.ActiveCfg = Debug|Any CPU
		{97DFE387-06DC-212D-7532-B26D90BFF548}.Debug|Any CPU.Build.0 = Debug|Any CPU
		{97DFE387-06DC-212D-7532-B26D90BFF548}.Release|Any CPU.ActiveCfg = Release|Any CPU
		{97DFE387-06DC-212D-7532-B26D90BFF548}.Release|Any CPU.Build.0 = Release|Any CPU
	EndGlobalSection
	GlobalSection(SolutionProperties) = preSolution
		HideSolutionNode = FALSE
	EndGlobalSection
EndGlobal
